
Microsoft Visual Studio Solution File, Format Version 12.00
# Visual Studio Version 17
VisualStudioVersion = 17.9.34616.47
MinimumVisualStudioVersion = 10.0.40219.1
Project("{FAE04EC0-301F-11D3-BF4B-00C04F79EFBC}") = "Lab0", "Lab0\Lab0.csproj", "{39F52A3B-9977-445D-96E5-28AC2984F319}"
EndProject
Global
	GlobalSection(SolutionConfigurationPlatforms) = preSolution
		Debug|Any CPU = Debug|Any CPU
		Release|Any CPU = Release|Any CPU
	EndGlobalSection
	GlobalSection(ProjectConfigurationPlatforms) = postSolution
		{39F52A3B-9977-445D-96E5-28AC2984F319}.Debug|Any CPU.ActiveCfg = Debug|Any CPU
		{39F52A3B-9977-445D-96E5-28AC2984F319}.Debug|Any CPU.Build.0 = Debug|Any CPU
		{39F52A3B-9977-445D-96E5-28AC2984F319}.Release|Any CPU.ActiveCfg = Release|Any CPU
		{39F52A3B-9977-445D-96E5-28AC2984F319}.Release|Any CPU.Build.0 = Release|Any CPU
	EndGlobalSection
	GlobalSection(SolutionProperties) = preSolution
		HideSolutionNode = FALSE
	EndGlobalSection
	GlobalSection(ExtensibilityGlobals) = postSolution
		SolutionGuid = {385AA9D3-C2F7-46A5-BF8F-D5F670A34B6B}
	EndGlobalSection
EndGlobal
